
Microsoft Visual Studio Solution File, Format Version 12.00
# Visual Studio Version 16
VisualStudioVersion = 16.0.34902.97
MinimumVisualStudioVersion = 10.0.40219.1
Project("{FAE04EC0-301F-11D3-BF4B-00C04F79EFBC}") = "GoldInvestApp", "GoldInvestApp\GoldInvestApp.csproj", "{64C0A677-452B-490E-8E7F-8784B8E62029}"
EndProject
Global
	GlobalSection(SolutionConfigurationPlatforms) = preSolution
		Debug|Any CPU = Debug|Any CPU
		Release|Any CPU = Release|Any CPU
	EndGlobalSection
	GlobalSection(ProjectConfigurationPlatforms) = postSolution
		{64C0A677-452B-490E-8E7F-8784B8E62029}.Debug|Any CPU.ActiveCfg = Debug|Any CPU
		{64C0A677-452B-490E-8E7F-8784B8E62029}.Debug|Any CPU.Build.0 = Debug|Any CPU
		{64C0A677-452B-490E-8E7F-8784B8E62029}.Release|Any CPU.ActiveCfg = Release|Any CPU
		{64C0A677-452B-490E-8E7F-8784B8E62029}.Release|Any CPU.Build.0 = Release|Any CPU
	EndGlobalSection
	GlobalSection(SolutionProperties) = preSolution
		HideSolutionNode = FALSE
	EndGlobalSection
	GlobalSection(ExtensibilityGlobals) = postSolution
		SolutionGuid = {37D2E9ED-BC99-43D7-A144-F62C59AFFAED}
	EndGlobalSection
EndGlobal
